
Microsoft Visual Studio Solution File, Format Version 12.00
# Visual Studio Version 17
VisualStudioVersion = 17.0.31903.59
MinimumVisualStudioVersion = 10.0.40219.1
Project("{2150E333-8FDC-42A3-9474-1A3956D46DE8}") = "src", "src", "{827E0CD3-B72D-47B6-A68D-7590B98EB39B}"
EndProject
Project("{FAE04EC0-301F-11D3-BF4B-00C04F79EFBC}") = "GameDraw.Core", "src\GameDraw.Core\GameDraw.Core.csproj", "{508F418B-1EEC-4F1B-BA21-DB0A8CC0284E}"
EndProject
Project("{FAE04EC0-301F-11D3-BF4B-00C04F79EFBC}") = "GameDraw.Imaging", "src\GameDraw.Imaging\GameDraw.Imaging.csproj", "{C88EF2DA-E840-4DCA-AAB8-55FC92CF2220}"
EndProject
Project("{FAE04EC0-301F-11D3-BF4B-00C04F79EFBC}") = "GameDraw.Planning", "src\GameDraw.Planning\GameDraw.Planning.csproj", "{2EBC483F-5CC7-482E-A8AE-A3BE90D4E86C}"
EndProject
Project("{FAE04EC0-301F-11D3-BF4B-00C04F79EFBC}") = "GameDraw.Profiles", "src\GameDraw.Profiles\GameDraw.Profiles.csproj", "{79EF9842-6F7B-42E4-AB57-9C9F7964B5BA}"
EndProject
Project("{FAE04EC0-301F-11D3-BF4B-00C04F79EFBC}") = "GameDraw.GameAdapters", "src\GameDraw.GameAdapters\GameDraw.GameAdapters.csproj", "{6633F778-ABA7-46FA-8D2C-01A78829C390}"
EndProject
Project("{FAE04EC0-301F-11D3-BF4B-00C04F79EFBC}") = "GameDraw.Automation.Windows", "src\GameDraw.Automation.Windows\GameDraw.Automation.Windows.csproj", "{AD26533D-36D4-4A0C-9241-C044A17B4C86}"
EndProject
Project("{FAE04EC0-301F-11D3-BF4B-00C04F79EFBC}") = "GameDraw.App", "src\GameDraw.App\GameDraw.App.csproj", "{EEBEC7C2-5DC7-466C-82F7-40988749E6B0}"
EndProject
Project("{2150E333-8FDC-42A3-9474-1A3956D46DE8}") = "tests", "tests", "{0AB3BF05-4346-4AA6-1389-037BE0695223}"
EndProject
Project("{FAE04EC0-301F-11D3-BF4B-00C04F79EFBC}") = "GameDraw.Core.Tests", "tests\GameDraw.Core.Tests\GameDraw.Core.Tests.csproj", "{894BC7B0-B0C3-47B0-8D09-78C8CC9A47FE}"
EndProject
Project("{FAE04EC0-301F-11D3-BF4B-00C04F79EFBC}") = "GameDraw.Imaging.Tests", "tests\GameDraw.Imaging.Tests\GameDraw.Imaging.Tests.csproj", "{B03FA8B9-7A4D-4CED-A3BC-B3F4CF5F0083}"
EndProject
Project("{FAE04EC0-301F-11D3-BF4B-00C04F79EFBC}") = "GameDraw.Planning.Tests", "tests\GameDraw.Planning.Tests\GameDraw.Planning.Tests.csproj", "{5D4512EA-C1A3-4EC0-B15A-275008880440}"
EndProject
Project("{FAE04EC0-301F-11D3-BF4B-00C04F79EFBC}") = "GameDraw.Integration.Tests", "tests\GameDraw.Integration.Tests\GameDraw.Integration.Tests.csproj", "{7CAE61A5-C217-4A50-98EE-522511800970}"
EndProject
Global
	GlobalSection(SolutionConfigurationPlatforms) = preSolution
		Debug|Any CPU = Debug|Any CPU
		Debug|x64 = Debug|x64
		Debug|x86 = Debug|x86
		Release|Any CPU = Release|Any CPU
		Release|x64 = Release|x64
		Release|x86 = Release|x86
	EndGlobalSection
	GlobalSection(ProjectConfigurationPlatforms) = postSolution
		{508F418B-1EEC-4F1B-BA21-DB0A8CC0284E}.Debug|Any CPU.ActiveCfg = Debug|Any CPU
		{508F418B-1EEC-4F1B-BA21-DB0A8CC0284E}.Debug|Any CPU.Build.0 = Debug|Any CPU
		{508F418B-1EEC-4F1B-BA21-DB0A8CC0284E}.Debug|x64.ActiveCfg = Debug|Any CPU
		{508F418B-1EEC-4F1B-BA21-DB0A8CC0284E}.Debug|x64.Build.0 = Debug|Any CPU
		{508F418B-1EEC-4F1B-BA21-DB0A8CC0284E}.Debug|x86.ActiveCfg = Debug|Any CPU
		{508F418B-1EEC-4F1B-BA21-DB0A8CC0284E}.Debug|x86.Build.0 = Debug|Any CPU
		{508F418B-1EEC-4F1B-BA21-DB0A8CC0284E}.Release|Any CPU.ActiveCfg = Release|Any CPU
		{508F418B-1EEC-4F1B-BA21-DB0A8CC0284E}.Release|Any CPU.Build.0 = Release|Any CPU
		{508F418B-1EEC-4F1B-BA21-DB0A8CC0284E}.Release|x64.ActiveCfg = Release|Any CPU
		{508F418B-1EEC-4F1B-BA21-DB0A8CC0284E}.Release|x64.Build.0 = Release|Any CPU
		{508F418B-1EEC-4F1B-BA21-DB0A8CC0284E}.Release|x86.ActiveCfg = Release|Any CPU
		{508F418B-1EEC-4F1B-BA21-DB0A8CC0284E}.Release|x86.Build.0 = Release|Any CPU
		{C88EF2DA-E840-4DCA-AAB8-55FC92CF2220}.Debug|Any CPU.ActiveCfg = Debug|Any CPU
		{C88EF2DA-E840-4DCA-AAB8-55FC92CF2220}.Debug|Any CPU.Build.0 = Debug|Any CPU
		{C88EF2DA-E840-4DCA-AAB8-55FC92CF2220}.Debug|x64.ActiveCfg = Debug|Any CPU
		{C88EF2DA-E840-4DCA-AAB8-55FC92CF2220}.Debug|x64.Build.0 = Debug|Any CPU
		{C88EF2DA-E840-4DCA-AAB8-55FC92CF2220}.Debug|x86.ActiveCfg = Debug|Any CPU
		{C88EF2DA-E840-4DCA-AAB8-55FC92CF2220}.Debug|x86.Build.0 = Debug|Any CPU
		{C88EF2DA-E840-4DCA-AAB8-55FC92CF2220}.Release|Any CPU.ActiveCfg = Release|Any CPU
		{C88EF2DA-E840-4DCA-AAB8-55FC92CF2220}.Release|Any CPU.Build.0 = Release|Any CPU
		{C88EF2DA-E840-4DCA-AAB8-55FC92CF2220}.Release|x64.ActiveCfg = Release|Any CPU
		{C88EF2DA-E840-4DCA-AAB8-55FC92CF2220}.Release|x64.Build.0 = Release|Any CPU
		{C88EF2DA-E840-4DCA-AAB8-55FC92CF2220}.Release|x86.ActiveCfg = Release|Any CPU
		{C88EF2DA-E840-4DCA-AAB8-55FC92CF2220}.Release|x86.Build.0 = Release|Any CPU
		{2EBC483F-5CC7-482E-A8AE-A3BE90D4E86C}.Debug|Any CPU.ActiveCfg = Debug|Any CPU
		{2EBC483F-5CC7-482E-A8AE-A3BE90D4E86C}.Debug|Any CPU.Build.0 = Debug|Any CPU
		{2EBC483F-5CC7-482E-A8AE-A3BE90D4E86C}.Debug|x64.ActiveCfg = Debug|Any CPU
		{2EBC483F-5CC7-482E-A8AE-A3BE90D4E86C}.Debug|x64.Build.0 = Debug|Any CPU
		{2EBC483F-5CC7-482E-A8AE-A3BE90D4E86C}.Debug|x86.ActiveCfg = Debug|Any CPU
		{2EBC483F-5CC7-482E-A8AE-A3BE90D4E86C}.Debug|x86.Build.0 = Debug|Any CPU
		{2EBC483F-5CC7-482E-A8AE-A3BE90D4E86C}.Release|Any CPU.ActiveCfg = Release|Any CPU
		{2EBC483F-5CC7-482E-A8AE-A3BE90D4E86C}.Release|Any CPU.Build.0 = Release|Any CPU
		{2EBC483F-5CC7-482E-A8AE-A3BE90D4E86C}.Release|x64.ActiveCfg = Release|Any CPU
		{2EBC483F-5CC7-482E-A8AE-A3BE90D4E86C}.Release|x64.Build.0 = Release|Any CPU
		{2EBC483F-5CC7-482E-A8AE-A3BE90D4E86C}.Release|x86.ActiveCfg = Release|Any CPU
		{2EBC483F-5CC7-482E-A8AE-A3BE90D4E86C}.Release|x86.Build.0 = Release|Any CPU
		{79EF9842-6F7B-42E4-AB57-9C9F7964B5BA}.Debug|Any CPU.ActiveCfg = Debug|Any CPU
		{79EF9842-6F7B-42E4-AB57-9C9F7964B5BA}.Debug|Any CPU.Build.0 = Debug|Any CPU
		{79EF9842-6F7B-42E4-AB57-9C9F7964B5BA}.Debug|x64.ActiveCfg = Debug|Any CPU
		{79EF9842-6F7B-42E4-AB57-9C9F7964B5BA}.Debug|x64.Build.0 = Debug|Any CPU
		{79EF9842-6F7B-42E4-AB57-9C9F7964B5BA}.Debug|x86.ActiveCfg = Debug|Any CPU
		{79EF9842-6F7B-42E4-AB57-9C9F7964B5BA}.Debug|x86.Build.0 = Debug|Any CPU
		{79EF9842-6F7B-42E4-AB57-9C9F7964B5BA}.Release|Any CPU.ActiveCfg = Release|Any CPU
		{79EF9842-6F7B-42E4-AB57-9C9F7964B5BA}.Release|Any CPU.Build.0 = Release|Any CPU
		{79EF9842-6F7B-42E4-AB57-9C9F7964B5BA}.Release|x64.ActiveCfg = Release|Any CPU
		{79EF9842-6F7B-42E4-AB57-9C9F7964B5BA}.Release|x64.Build.0 = Release|Any CPU
		{79EF9842-6F7B-42E4-AB57-9C9F7964B5BA}.Release|x86.ActiveCfg = Release|Any CPU
		{79EF9842-6F7B-42E4-AB57-9C9F7964B5BA}.Release|x86.Build.0 = Release|Any CPU
		{6633F778-ABA7-46FA-8D2C-01A78829C390}.Debug|Any CPU.ActiveCfg = Debug|Any CPU
		{6633F778-ABA7-46FA-8D2C-01A78829C390}.Debug|Any CPU.Build.0 = Debug|Any CPU
		{6633F778-ABA7-46FA-8D2C-01A78829C390}.Debug|x64.ActiveCfg = Debug|Any CPU
		{6633F778-ABA7-46FA-8D2C-01A78829C390}.Debug|x64.Build.0 = Debug|Any CPU
		{6633F778-ABA7-46FA-8D2C-01A78829C390}.Debug|x86.ActiveCfg = Debug|Any CPU
		{6633F778-ABA7-46FA-8D2C-01A78829C390}.Debug|x86.Build.0 = Debug|Any CPU
		{6633F778-ABA7-46FA-8D2C-01A78829C390}.Release|Any CPU.ActiveCfg = Release|Any CPU
		{6633F778-ABA7-46FA-8D2C-01A78829C390}.Release|Any CPU.Build.0 = Release|Any CPU
		{6633F778-ABA7-46FA-8D2C-01A78829C390}.Release|x64.ActiveCfg = Release|Any CPU
		{6633F778-ABA7-46FA-8D2C-01A78829C390}.Release|x64.Build.0 = Release|Any CPU
		{6633F778-ABA7-46FA-8D2C-01A78829C390}.Release|x86.ActiveCfg = Release|Any CPU
		{6633F778-ABA7-46FA-8D2C-01A78829C390}.Release|x86.Build.0 = Release|Any CPU
		{AD26533D-36D4-4A0C-9241-C044A17B4C86}.Debug|Any CPU.ActiveCfg = Debug|Any CPU
		{AD26533D-36D4-4A0C-9241-C044A17B4C86}.Debug|Any CPU.Build.0 = Debug|Any CPU
		{AD26533D-36D4-4A0C-9241-C044A17B4C86}.Debug|x64.ActiveCfg = Debug|Any CPU
		{AD26533D-36D4-4A0C-9241-C044A17B4C86}.Debug|x64.Build.0 = Debug|Any CPU
		{AD26533D-36D4-4A0C-9241-C044A17B4C86}.Debug|x86.ActiveCfg = Debug|Any CPU
		{AD26533D-36D4-4A0C-9241-C044A17B4C86}.Debug|x86.Build.0 = Debug|Any CPU
		{AD26533D-36D4-4A0C-9241-C044A17B4C86}.Release|Any CPU.ActiveCfg = Release|Any CPU
		{AD26533D-36D4-4A0C-9241-C044A17B4C86}.Release|Any CPU.Build.0 = Release|Any CPU
		{AD26533D-36D4-4A0C-9241-C044A17B4C86}.Release|x64.ActiveCfg = Release|Any CPU
		{AD26533D-36D4-4A0C-9241-C044A17B4C86}.Release|x64.Build.0 = Release|Any CPU
		{AD26533D-36D4-4A0C-9241-C044A17B4C86}.Release|x86.ActiveCfg = Release|Any CPU
		{AD26533D-36D4-4A0C-9241-C044A17B4C86}.Release|x86.Build.0 = Release|Any CPU
		{EEBEC7C2-5DC7-466C-82F7-40988749E6B0}.Debug|Any CPU.ActiveCfg = Debug|x86
		{EEBEC7C2-5DC7-466C-82F7-40988749E6B0}.Debug|Any CPU.Build.0 = Debug|x86
		{EEBEC7C2-5DC7-466C-82F7-40988749E6B0}.Debug|x64.ActiveCfg = Debug|x64
		{EEBEC7C2-5DC7-466C-82F7-40988749E6B0}.Debug|x64.Build.0 = Debug|x64
		{EEBEC7C2-5DC7-466C-82F7-40988749E6B0}.Debug|x86.ActiveCfg = Debug|x86
		{EEBEC7C2-5DC7-466C-82F7-40988749E6B0}.Debug|x86.Build.0 = Debug|x86
		{EEBEC7C2-5DC7-466C-82F7-40988749E6B0}.Release|Any CPU.ActiveCfg = Release|x86
		{EEBEC7C2-5DC7-466C-82F7-40988749E6B0}.Release|Any CPU.Build.0 = Release|x86
		{EEBEC7C2-5DC7-466C-82F7-40988749E6B0}.Release|x64.ActiveCfg = Release|x64
		{EEBEC7C2-5DC7-466C-82F7-40988749E6B0}.Release|x64.Build.0 = Release|x64
		{EEBEC7C2-5DC7-466C-82F7-40988749E6B0}.Release|x86.ActiveCfg = Release|x86
		{EEBEC7C2-5DC7-466C-82F7-40988749E6B0}.Release|x86.Build.0 = Release|x86
		{894BC7B0-B0C3-47B0-8D09-78C8CC9A47FE}.Debug|Any CPU.ActiveCfg = Debug|Any CPU
		{894BC7B0-B0C3-47B0-8D09-78C8CC9A47FE}.Debug|Any CPU.Build.0 = Debug|Any CPU
		{894BC7B0-B0C3-47B0-8D09-78C8CC9A47FE}.Debug|x64.ActiveCfg = Debug|Any CPU
		{894BC7B0-B0C3-47B0-8D09-78C8CC9A47FE}.Debug|x64.Build.0 = Debug|Any CPU
		{894BC7B0-B0C3-47B0-8D09-78C8CC9A47FE}.Debug|x86.ActiveCfg = Debug|Any CPU
		{894BC7B0-B0C3-47B0-8D09-78C8CC9A47FE}.Debug|x86.Build.0 = Debug|Any CPU
		{894BC7B0-B0C3-47B0-8D09-78C8CC9A47FE}.Release|Any CPU.ActiveCfg = Release|Any CPU
		{894BC7B0-B0C3-47B0-8D09-78C8CC9A47FE}.Release|Any CPU.Build.0 = Release|Any CPU
		{894BC7B0-B0C3-47B0-8D09-78C8CC9A47FE}.Release|x64.ActiveCfg = Release|Any CPU
		{894BC7B0-B0C3-47B0-8D09-78C8CC9A47FE}.Release|x64.Build.0 = Release|Any CPU
		{894BC7B0-B0C3-47B0-8D09-78C8CC9A47FE}.Release|x86.ActiveCfg = Release|Any CPU
		{894BC7B0-B0C3-47B0-8D09-78C8CC9A47FE}.Release|x86.Build.0 = Release|Any CPU
		{B03FA8B9-7A4D-4CED-A3BC-B3F4CF5F0083}.Debug|Any CPU.ActiveCfg = Debug|Any CPU
		{B03FA8B9-7A4D-4CED-A3BC-B3F4CF5F0083}.Debug|Any CPU.Build.0 = Debug|Any CPU
		{B03FA8B9-7A4D-4CED-A3BC-B3F4CF5F0083}.Debug|x64.ActiveCfg = Debug|Any CPU
		{B03FA8B9-7A4D-4CED-A3BC-B3F4CF5F0083}.Debug|x64.Build.0 = Debug|Any CPU
		{B03FA8B9-7A4D-4CED-A3BC-B3F4CF5F0083}.Debug|x86.ActiveCfg = Debug|Any CPU
		{B03FA8B9-7A4D-4CED-A3BC-B3F4CF5F0083}.Debug|x86.Build.0 = Debug|Any CPU
		{B03FA8B9-7A4D-4CED-A3BC-B3F4CF5F0083}.Release|Any CPU.ActiveCfg = Release|Any CPU
		{B03FA8B9-7A4D-4CED-A3BC-B3F4CF5F0083}.Release|Any CPU.Build.0 = Release|Any CPU
		{B03FA8B9-7A4D-4CED-A3BC-B3F4CF5F0083}.Release|x64.ActiveCfg = Release|Any CPU
		{B03FA8B9-7A4D-4CED-A3BC-B3F4CF5F0083}.Release|x64.Build.0 = Release|Any CPU
		{B03FA8B9-7A4D-4CED-A3BC-B3F4CF5F0083}.Release|x86.ActiveCfg = Release|Any CPU
		{B03FA8B9-7A4D-4CED-A3BC-B3F4CF5F0083}.Release|x86.Build.0 = Release|Any CPU
		{5D4512EA-C1A3-4EC0-B15A-275008880440}.Debug|Any CPU.ActiveCfg = Debug|Any CPU
		{5D4512EA-C1A3-4EC0-B15A-275008880440}.Debug|Any CPU.Build.0 = Debug|Any CPU
		{5D4512EA-C1A3-4EC0-B15A-275008880440}.Debug|x64.ActiveCfg = Debug|Any CPU
		{5D4512EA-C1A3-4EC0-B15A-275008880440}.Debug|x64.Build.0 = Debug|Any CPU
		{5D4512EA-C1A3-4EC0-B15A-275008880440}.Debug|x86.ActiveCfg = Debug|Any CPU
		{5D4512EA-C1A3-4EC0-B15A-275008880440}.Debug|x86.Build.0 = Debug|Any CPU
		{5D4512EA-C1A3-4EC0-B15A-275008880440}.Release|Any CPU.ActiveCfg = Release|Any CPU
		{5D4512EA-C1A3-4EC0-B15A-275008880440}.Release|Any CPU.Build.0 = Release|Any CPU
		{5D4512EA-C1A3-4EC0-B15A-275008880440}.Release|x64.ActiveCfg = Release|Any CPU
		{5D4512EA-C1A3-4EC0-B15A-275008880440}.Release|x64.Build.0 = Release|Any CPU
		{5D4512EA-C1A3-4EC0-B15A-275008880440}.Release|x86.ActiveCfg = Release|Any CPU
		{5D4512EA-C1A3-4EC0-B15A-275008880440}.Release|x86.Build.0 = Release|Any CPU
		{7CAE61A5-C217-4A50-98EE-522511800970}.Debug|Any CPU.ActiveCfg = Debug|Any CPU
		{7CAE61A5-C217-4A50-98EE-522511800970}.Debug|Any CPU.Build.0 = Debug|Any CPU
		{7CAE61A5-C217-4A50-98EE-522511800970}.Debug|x64.ActiveCfg = Debug|Any CPU
		{7CAE61A5-C217-4A50-98EE-522511800970}.Debug|x64.Build.0 = Debug|Any CPU
		{7CAE61A5-C217-4A50-98EE-522511800970}.Debug|x86.ActiveCfg = Debug|Any CPU
		{7CAE61A5-C217-4A50-98EE-522511800970}.Debug|x86.Build.0 = Debug|Any CPU
		{7CAE61A5-C217-4A50-98EE-522511800970}.Release|Any CPU.ActiveCfg = Release|Any CPU
		{7CAE61A5-C217-4A50-98EE-522511800970}.Release|Any CPU.Build.0 = Release|Any CPU
		{7CAE61A5-C217-4A50-98EE-522511800970}.Release|x64.ActiveCfg = Release|Any CPU
		{7CAE61A5-C217-4A50-98EE-522511800970}.Release|x64.Build.0 = Release|Any CPU
		{7CAE61A5-C217-4A50-98EE-522511800970}.Release|x86.ActiveCfg = Release|Any CPU
		{7CAE61A5-C217-4A50-98EE-522511800970}.Release|x86.Build.0 = Release|Any CPU
	EndGlobalSection
	GlobalSection(SolutionProperties) = preSolution
		HideSolutionNode = FALSE
	EndGlobalSection
	GlobalSection(NestedProjects) = preSolution
		{508F418B-1EEC-4F1B-BA21-DB0A8CC0284E} = {827E0CD3-B72D-47B6-A68D-7590B98EB39B}
		{C88EF2DA-E840-4DCA-AAB8-55FC92CF2220} = {827E0CD3-B72D-47B6-A68D-7590B98EB39B}
		{2EBC483F-5CC7-482E-A8AE-A3BE90D4E86C} = {827E0CD3-B72D-47B6-A68D-7590B98EB39B}
		{79EF9842-6F7B-42E4-AB57-9C9F7964B5BA} = {827E0CD3-B72D-47B6-A68D-7590B98EB39B}
		{6633F778-ABA7-46FA-8D2C-01A78829C390} = {827E0CD3-B72D-47B6-A68D-7590B98EB39B}
		{AD26533D-36D4-4A0C-9241-C044A17B4C86} = {827E0CD3-B72D-47B6-A68D-7590B98EB39B}
		{EEBEC7C2-5DC7-466C-82F7-40988749E6B0} = {827E0CD3-B72D-47B6-A68D-7590B98EB39B}
		{894BC7B0-B0C3-47B0-8D09-78C8CC9A47FE} = {0AB3BF05-4346-4AA6-1389-037BE0695223}
		{B03FA8B9-7A4D-4CED-A3BC-B3F4CF5F0083} = {0AB3BF05-4346-4AA6-1389-037BE0695223}
		{5D4512EA-C1A3-4EC0-B15A-275008880440} = {0AB3BF05-4346-4AA6-1389-037BE0695223}
		{7CAE61A5-C217-4A50-98EE-522511800970} = {0AB3BF05-4346-4AA6-1389-037BE0695223}
	EndGlobalSection
EndGlobal
